
Microsoft Visual Studio Solution File, Format Version 12.00
# Visual Studio Version 16
VisualStudioVersion = 16.0.28803.452
MinimumVisualStudioVersion = 10.0.40219.1
Project("{9A19103F-16F7-4668-BE54-9A1E7A4F7556}") = "SimpleLion.Backend", "SimpleLion.Backend\SimpleLion.Backend.csproj", "{70F75539-DA60-4549-92C4-5E4B79797880}"
EndProject
Project("{FAE04EC0-301F-11D3-BF4B-00C04F79EFBC}") = "SimpleLion.Bot", "SimpleLion.Bot\SimpleLion.Bot.csproj", "{CA5A1E3A-952E-41F5-AC23-88EE9D0ACE0C}"
	ProjectSection(ProjectDependencies) = postProject
		{02AD4401-4941-4423-A4B1-EBB70A1563F8} = {02AD4401-4941-4423-A4B1-EBB70A1563F8}
	EndProjectSection
EndProject
Project("{FAE04EC0-301F-11D3-BF4B-00C04F79EFBC}") = "SimpleLion.EventsLib", "SimpleLion.EventsLib\SimpleLion.EventsLib.csproj", "{02AD4401-4941-4423-A4B1-EBB70A1563F8}"
EndProject
Global
	GlobalSection(SolutionConfigurationPlatforms) = preSolution
		Debug|Any CPU = Debug|Any CPU
		Release|Any CPU = Release|Any CPU
	EndGlobalSection
	GlobalSection(ProjectConfigurationPlatforms) = postSolution
		{70F75539-DA60-4549-92C4-5E4B79797880}.Debug|Any CPU.ActiveCfg = Debug|Any CPU
		{70F75539-DA60-4549-92C4-5E4B79797880}.Debug|Any CPU.Build.0 = Debug|Any CPU
		{70F75539-DA60-4549-92C4-5E4B79797880}.Release|Any CPU.ActiveCfg = Release|Any CPU
		{70F75539-DA60-4549-92C4-5E4B79797880}.Release|Any CPU.Build.0 = Release|Any CPU
		{CA5A1E3A-952E-41F5-AC23-88EE9D0ACE0C}.Debug|Any CPU.ActiveCfg = Debug|Any CPU
		{CA5A1E3A-952E-41F5-AC23-88EE9D0ACE0C}.Debug|Any CPU.Build.0 = Debug|Any CPU
		{CA5A1E3A-952E-41F5-AC23-88EE9D0ACE0C}.Release|Any CPU.ActiveCfg = Release|Any CPU
		{CA5A1E3A-952E-41F5-AC23-88EE9D0ACE0C}.Release|Any CPU.Build.0 = Release|Any CPU
		{02AD4401-4941-4423-A4B1-EBB70A1563F8}.Debug|Any CPU.ActiveCfg = Debug|Any CPU
		{02AD4401-4941-4423-A4B1-EBB70A1563F8}.Debug|Any CPU.Build.0 = Debug|Any CPU
		{02AD4401-4941-4423-A4B1-EBB70A1563F8}.Release|Any CPU.ActiveCfg = Release|Any CPU
		{02AD4401-4941-4423-A4B1-EBB70A1563F8}.Release|Any CPU.Build.0 = Release|Any CPU
	EndGlobalSection
	GlobalSection(SolutionProperties) = preSolution
		HideSolutionNode = FALSE
	EndGlobalSection
	GlobalSection(ExtensibilityGlobals) = postSolution
		SolutionGuid = {D3FDA05A-AF7D-428E-B9AD-E3B6233B6796}
	EndGlobalSection
EndGlobal
